Microsoft Visual Studio Solution File, Format Version 12.00
# Visual Studio 15
Project("{8BC9CEB8-8B4A-11D0-8D11-00A0C91BC942}") = "ALL_BUILD", "ALL_BUILD.vcxproj", "{C444203B-73D2-3883-8400-8660FEA17C17}"
	ProjectSection(ProjectDependencies) = postProject
		{92FA329D-1983-30E9-A9A4-AD92A00E6F08} = {92FA329D-1983-30E9-A9A4-AD92A00E6F08}
		{3127C8AA-5146-3B6A-AA9B-D7EFB72CCEDA} = {3127C8AA-5146-3B6A-AA9B-D7EFB72CCEDA}
		{C00718BA-6236-34A7-9B46-BAB7626ED609} = {C00718BA-6236-34A7-9B46-BAB7626ED609}
		{20DACB46-3A58-3D48-80DA-1CCC1DEA1248} = {20DACB46-3A58-3D48-80DA-1CCC1DEA1248}
		{B0105A97-CB09-3B4D-A879-CD19984CFEED} = {B0105A97-CB09-3B4D-A879-CD19984CFEED}
		{E20A00E9-01BC-32A6-9D33-EA678DAE0397} = {E20A00E9-01BC-32A6-9D33-EA678DAE0397}
		{57670B07-DE04-3C74-B5AC-3560B8EFE655} = {57670B07-DE04-3C74-B5AC-3560B8EFE655}
		{D14A8768-3C16-3EF7-A5A1-5312A8E23A4B} = {D14A8768-3C16-3EF7-A5A1-5312A8E23A4B}
		{A31EBAA8-D68A-3FAB-930B-DF8D1CA1A428} = {A31EBAA8-D68A-3FAB-930B-DF8D1CA1A428}
		{69F4F863-2129-3812-8D78-633188E98D3E} = {69F4F863-2129-3812-8D78-633188E98D3E}
		{DBBEEEDC-C9EB-3EF5-95B4-B691F0BE7E0E} = {DBBEEEDC-C9EB-3EF5-95B4-B691F0BE7E0E}
		{42EE9737-AAD6-39C6-B375-E5BB7CC4FADA} = {42EE9737-AAD6-39C6-B375-E5BB7CC4FADA}
	EndProjectSection
EndProject
Project("{8BC9CEB8-8B4A-11D0-8D11-00A0C91BC942}") = "INSTALL", "INSTALL.vcxproj", "{5D09BAF2-CFD1-3982-95D1-ADE501D940F2}"
	ProjectSection(ProjectDependencies) = postProject
		{C444203B-73D2-3883-8400-8660FEA17C17} = {C444203B-73D2-3883-8400-8660FEA17C17}
		{92FA329D-1983-30E9-A9A4-AD92A00E6F08} = {92FA329D-1983-30E9-A9A4-AD92A00E6F08}
	EndProjectSection
EndProject
Project("{8BC9CEB8-8B4A-11D0-8D11-00A0C91BC942}") = "ZERO_CHECK", "ZERO_CHECK.vcxproj", "{92FA329D-1983-30E9-A9A4-AD92A00E6F08}"
	ProjectSection(ProjectDependencies) = postProject
	EndProjectSection
EndProject
Project("{8BC9CEB8-8B4A-11D0-8D11-00A0C91BC942}") = "webp", "webp.vcxproj", "{3127C8AA-5146-3B6A-AA9B-D7EFB72CCEDA}"
	ProjectSection(ProjectDependencies) = postProject
		{92FA329D-1983-30E9-A9A4-AD92A00E6F08} = {92FA329D-1983-30E9-A9A4-AD92A00E6F08}
		{B0105A97-CB09-3B4D-A879-CD19984CFEED} = {B0105A97-CB09-3B4D-A879-CD19984CFEED}
		{D14A8768-3C16-3EF7-A5A1-5312A8E23A4B} = {D14A8768-3C16-3EF7-A5A1-5312A8E23A4B}
		{69F4F863-2129-3812-8D78-633188E98D3E} = {69F4F863-2129-3812-8D78-633188E98D3E}
		{DBBEEEDC-C9EB-3EF5-95B4-B691F0BE7E0E} = {DBBEEEDC-C9EB-3EF5-95B4-B691F0BE7E0E}
	EndProjectSection
EndProject
Project("{8BC9CEB8-8B4A-11D0-8D11-00A0C91BC942}") = "webp_js", "webp_js.vcxproj", "{C00718BA-6236-34A7-9B46-BAB7626ED609}"
	ProjectSection(ProjectDependencies) = postProject
		{92FA329D-1983-30E9-A9A4-AD92A00E6F08} = {92FA329D-1983-30E9-A9A4-AD92A00E6F08}
		{E20A00E9-01BC-32A6-9D33-EA678DAE0397} = {E20A00E9-01BC-32A6-9D33-EA678DAE0397}
	EndProjectSection
EndProject
Project("{8BC9CEB8-8B4A-11D0-8D11-00A0C91BC942}") = "webp_wasm", "webp_wasm.vcxproj", "{20DACB46-3A58-3D48-80DA-1CCC1DEA1248}"
	ProjectSection(ProjectDependencies) = postProject
		{92FA329D-1983-30E9-A9A4-AD92A00E6F08} = {92FA329D-1983-30E9-A9A4-AD92A00E6F08}
		{E20A00E9-01BC-32A6-9D33-EA678DAE0397} = {E20A00E9-01BC-32A6-9D33-EA678DAE0397}
	EndProjectSection
EndProject
Project("{8BC9CEB8-8B4A-11D0-8D11-00A0C91BC942}") = "webpdecode", "webpdecode.vcxproj", "{B0105A97-CB09-3B4D-A879-CD19984CFEED}"
	ProjectSection(ProjectDependencies) = postProject
		{92FA329D-1983-30E9-A9A4-AD92A00E6F08} = {92FA329D-1983-30E9-A9A4-AD92A00E6F08}
	EndProjectSection
EndProject
Project("{8BC9CEB8-8B4A-11D0-8D11-00A0C91BC942}") = "webpdecoder", "webpdecoder.vcxproj", "{E20A00E9-01BC-32A6-9D33-EA678DAE0397}"
	ProjectSection(ProjectDependencies) = postProject
		{92FA329D-1983-30E9-A9A4-AD92A00E6F08} = {92FA329D-1983-30E9-A9A4-AD92A00E6F08}
		{B0105A97-CB09-3B4D-A879-CD19984CFEED} = {B0105A97-CB09-3B4D-A879-CD19984CFEED}
		{A31EBAA8-D68A-3FAB-930B-DF8D1CA1A428} = {A31EBAA8-D68A-3FAB-930B-DF8D1CA1A428}
		{42EE9737-AAD6-39C6-B375-E5BB7CC4FADA} = {42EE9737-AAD6-39C6-B375-E5BB7CC4FADA}
	EndProjectSection
EndProject
Project("{8BC9CEB8-8B4A-11D0-8D11-00A0C91BC942}") = "webpdemux", "webpdemux.vcxproj", "{57670B07-DE04-3C74-B5AC-3560B8EFE655}"
	ProjectSection(ProjectDependencies) = postProject
		{92FA329D-1983-30E9-A9A4-AD92A00E6F08} = {92FA329D-1983-30E9-A9A4-AD92A00E6F08}
		{3127C8AA-5146-3B6A-AA9B-D7EFB72CCEDA} = {3127C8AA-5146-3B6A-AA9B-D7EFB72CCEDA}
	EndProjectSection
EndProject
Project("{8BC9CEB8-8B4A-11D0-8D11-00A0C91BC942}") = "webpdsp", "webpdsp.vcxproj", "{D14A8768-3C16-3EF7-A5A1-5312A8E23A4B}"
	ProjectSection(ProjectDependencies) = postProject
		{92FA329D-1983-30E9-A9A4-AD92A00E6F08} = {92FA329D-1983-30E9-A9A4-AD92A00E6F08}
	EndProjectSection
EndProject
Project("{8BC9CEB8-8B4A-11D0-8D11-00A0C91BC942}") = "webpdspdecode", "webpdspdecode.vcxproj", "{A31EBAA8-D68A-3FAB-930B-DF8D1CA1A428}"
	ProjectSection(ProjectDependencies) = postProject
		{92FA329D-1983-30E9-A9A4-AD92A00E6F08} = {92FA329D-1983-30E9-A9A4-AD92A00E6F08}
	EndProjectSection
EndProject
Project("{8BC9CEB8-8B4A-11D0-8D11-00A0C91BC942}") = "webpencode", "webpencode.vcxproj", "{69F4F863-2129-3812-8D78-633188E98D3E}"
	ProjectSection(ProjectDependencies) = postProject
		{92FA329D-1983-30E9-A9A4-AD92A00E6F08} = {92FA329D-1983-30E9-A9A4-AD92A00E6F08}
	EndProjectSection
EndProject
Project("{8BC9CEB8-8B4A-11D0-8D11-00A0C91BC942}") = "webputils", "webputils.vcxproj", "{DBBEEEDC-C9EB-3EF5-95B4-B691F0BE7E0E}"
	ProjectSection(ProjectDependencies) = postProject
		{92FA329D-1983-30E9-A9A4-AD92A00E6F08} = {92FA329D-1983-30E9-A9A4-AD92A00E6F08}
	EndProjectSection
EndProject
Project("{8BC9CEB8-8B4A-11D0-8D11-00A0C91BC942}") = "webputilsdecode", "webputilsdecode.vcxproj", "{42EE9737-AAD6-39C6-B375-E5BB7CC4FADA}"
	ProjectSection(ProjectDependencies) = postProject
		{92FA329D-1983-30E9-A9A4-AD92A00E6F08} = {92FA329D-1983-30E9-A9A4-AD92A00E6F08}
	EndProjectSection
EndProject
Global
	GlobalSection(SolutionConfigurationPlatforms) = preSolution
		Debug|Win32 = Debug|Win32
		Release|Win32 = Release|Win32
		MinSizeRel|Win32 = MinSizeRel|Win32
		RelWithDebInfo|Win32 = RelWithDebInfo|Win32
	EndGlobalSection
	GlobalSection(ProjectConfigurationPlatforms) = postSolution
		{C444203B-73D2-3883-8400-8660FEA17C17}.Debug|Win32.ActiveCfg = Debug|Win32
		{C444203B-73D2-3883-8400-8660FEA17C17}.Debug|Win32.Build.0 = Debug|Win32
		{C444203B-73D2-3883-8400-8660FEA17C17}.Release|Win32.ActiveCfg = Release|Win32
		{C444203B-73D2-3883-8400-8660FEA17C17}.Release|Win32.Build.0 = Release|Win32
		{C444203B-73D2-3883-8400-8660FEA17C17}.MinSizeRel|Win32.ActiveCfg = MinSizeRel|Win32
		{C444203B-73D2-3883-8400-8660FEA17C17}.MinSizeRel|Win32.Build.0 = MinSizeRel|Win32
		{C444203B-73D2-3883-8400-8660FEA17C17}.RelWithDebInfo|Win32.ActiveCfg = RelWithDebInfo|Win32
		{C444203B-73D2-3883-8400-8660FEA17C17}.RelWithDebInfo|Win32.Build.0 = RelWithDebInfo|Win32
		{5D09BAF2-CFD1-3982-95D1-ADE501D940F2}.Debug|Win32.ActiveCfg = Debug|Win32
		{5D09BAF2-CFD1-3982-95D1-ADE501D940F2}.Release|Win32.ActiveCfg = Release|Win32
		{5D09BAF2-CFD1-3982-95D1-ADE501D940F2}.MinSizeRel|Win32.ActiveCfg = MinSizeRel|Win32
		{5D09BAF2-CFD1-3982-95D1-ADE501D940F2}.RelWithDebInfo|Win32.ActiveCfg = RelWithDebInfo|Win32
		{92FA329D-1983-30E9-A9A4-AD92A00E6F08}.Debug|Win32.ActiveCfg = Debug|Win32
		{92FA329D-1983-30E9-A9A4-AD92A00E6F08}.Debug|Win32.Build.0 = Debug|Win32
		{92FA329D-1983-30E9-A9A4-AD92A00E6F08}.Release|Win32.ActiveCfg = Release|Win32
		{92FA329D-1983-30E9-A9A4-AD92A00E6F08}.Release|Win32.Build.0 = Release|Win32
		{92FA329D-1983-30E9-A9A4-AD92A00E6F08}.MinSizeRel|Win32.ActiveCfg = MinSizeRel|Win32
		{92FA329D-1983-30E9-A9A4-AD92A00E6F08}.MinSizeRel|Win32.Build.0 = MinSizeRel|Win32
		{92FA329D-1983-30E9-A9A4-AD92A00E6F08}.RelWithDebInfo|Win32.ActiveCfg = RelWithDebInfo|Win32
		{92FA329D-1983-30E9-A9A4-AD92A00E6F08}.RelWithDebInfo|Win32.Build.0 = RelWithDebInfo|Win32
		{3127C8AA-5146-3B6A-AA9B-D7EFB72CCEDA}.Debug|Win32.ActiveCfg = Debug|Win32
		{3127C8AA-5146-3B6A-AA9B-D7EFB72CCEDA}.Debug|Win32.Build.0 = Debug|Win32
		{3127C8AA-5146-3B6A-AA9B-D7EFB72CCEDA}.Release|Win32.ActiveCfg = Release|Win32
		{3127C8AA-5146-3B6A-AA9B-D7EFB72CCEDA}.Release|Win32.Build.0 = Release|Win32
		{3127C8AA-5146-3B6A-AA9B-D7EFB72CCEDA}.MinSizeRel|Win32.ActiveCfg = MinSizeRel|Win32
		{3127C8AA-5146-3B6A-AA9B-D7EFB72CCEDA}.MinSizeRel|Win32.Build.0 = MinSizeRel|Win32
		{3127C8AA-5146-3B6A-AA9B-D7EFB72CCEDA}.RelWithDebInfo|Win32.ActiveCfg = RelWithDebInfo|Win32
		{3127C8AA-5146-3B6A-AA9B-D7EFB72CCEDA}.RelWithDebInfo|Win32.Build.0 = RelWithDebInfo|Win32
		{C00718BA-6236-34A7-9B46-BAB7626ED609}.Debug|Win32.ActiveCfg = Debug|Win32
		{C00718BA-6236-34A7-9B46-BAB7626ED609}.Debug|Win32.Build.0 = Debug|Win32
		{C00718BA-6236-34A7-9B46-BAB7626ED609}.Release|Win32.ActiveCfg = Release|Win32
		{C00718BA-6236-34A7-9B46-BAB7626ED609}.Release|Win32.Build.0 = Release|Win32
		{C00718BA-6236-34A7-9B46-BAB7626ED609}.MinSizeRel|Win32.ActiveCfg = MinSizeRel|Win32
		{C00718BA-6236-34A7-9B46-BAB7626ED609}.MinSizeRel|Win32.Build.0 = MinSizeRel|Win32
		{C00718BA-6236-34A7-9B46-BAB7626ED609}.RelWithDebInfo|Win32.ActiveCfg = RelWithDebInfo|Win32
		{C00718BA-6236-34A7-9B46-BAB7626ED609}.RelWithDebInfo|Win32.Build.0 = RelWithDebInfo|Win32
		{20DACB46-3A58-3D48-80DA-1CCC1DEA1248}.Debug|Win32.ActiveCfg = Debug|Win32
		{20DACB46-3A58-3D48-80DA-1CCC1DEA1248}.Debug|Win32.Build.0 = Debug|Win32
		{20DACB46-3A58-3D48-80DA-1CCC1DEA1248}.Release|Win32.ActiveCfg = Release|Win32
		{20DACB46-3A58-3D48-80DA-1CCC1DEA1248}.Release|Win32.Build.0 = Release|Win32
		{20DACB46-3A58-3D48-80DA-1CCC1DEA1248}.MinSizeRel|Win32.ActiveCfg = MinSizeRel|Win32
		{20DACB46-3A58-3D48-80DA-1CCC1DEA1248}.MinSizeRel|Win32.Build.0 = MinSizeRel|Win32
		{20DACB46-3A58-3D48-80DA-1CCC1DEA1248}.RelWithDebInfo|Win32.ActiveCfg = RelWithDebInfo|Win32
		{20DACB46-3A58-3D48-80DA-1CCC1DEA1248}.RelWithDebInfo|Win32.Build.0 = RelWithDebInfo|Win32
		{B0105A97-CB09-3B4D-A879-CD19984CFEED}.Debug|Win32.ActiveCfg = Debug|Win32
		{B0105A97-CB09-3B4D-A879-CD19984CFEED}.Debug|Win32.Build.0 = Debug|Win32
		{B0105A97-CB09-3B4D-A879-CD19984CFEED}.Release|Win32.ActiveCfg = Release|Win32
		{B0105A97-CB09-3B4D-A879-CD19984CFEED}.Release|Win32.Build.0 = Release|Win32
		{B0105A97-CB09-3B4D-A879-CD19984CFEED}.MinSizeRel|Win32.ActiveCfg = MinSizeRel|Win32
		{B0105A97-CB09-3B4D-A879-CD19984CFEED}.MinSizeRel|Win32.Build.0 = MinSizeRel|Win32
		{B0105A97-CB09-3B4D-A879-CD19984CFEED}.RelWithDebInfo|Win32.ActiveCfg = RelWithDebInfo|Win32
		{B0105A97-CB09-3B4D-A879-CD19984CFEED}.RelWithDebInfo|Win32.Build.0 = RelWithDebInfo|Win32
		{E20A00E9-01BC-32A6-9D33-EA678DAE0397}.Debug|Win32.ActiveCfg = Debug|Win32
		{E20A00E9-01BC-32A6-9D33-EA678DAE0397}.Debug|Win32.Build.0 = Debug|Win32
		{E20A00E9-01BC-32A6-9D33-EA678DAE0397}.Release|Win32.ActiveCfg = Release|Win32
		{E20A00E9-01BC-32A6-9D33-EA678DAE0397}.Release|Win32.Build.0 = Release|Win32
		{E20A00E9-01BC-32A6-9D33-EA678DAE0397}.MinSizeRel|Win32.ActiveCfg = MinSizeRel|Win32
		{E20A00E9-01BC-32A6-9D33-EA678DAE0397}.MinSizeRel|Win32.Build.0 = MinSizeRel|Win32
		{E20A00E9-01BC-32A6-9D33-EA678DAE0397}.RelWithDebInfo|Win32.ActiveCfg = RelWithDebInfo|Win32
		{E20A00E9-01BC-32A6-9D33-EA678DAE0397}.RelWithDebInfo|Win32.Build.0 = RelWithDebInfo|Win32
		{57670B07-DE04-3C74-B5AC-3560B8EFE655}.Debug|Win32.ActiveCfg = Debug|Win32
		{57670B07-DE04-3C74-B5AC-3560B8EFE655}.Debug|Win32.Build.0 = Debug|Win32
		{57670B07-DE04-3C74-B5AC-3560B8EFE655}.Release|Win32.ActiveCfg = Release|Win32
		{57670B07-DE04-3C74-B5AC-3560B8EFE655}.Release|Win32.Build.0 = Release|Win32
		{57670B07-DE04-3C74-B5AC-3560B8EFE655}.MinSizeRel|Win32.ActiveCfg = MinSizeRel|Win32
		{57670B07-DE04-3C74-B5AC-3560B8EFE655}.MinSizeRel|Win32.Build.0 = MinSizeRel|Win32
		{57670B07-DE04-3C74-B5AC-3560B8EFE655}.RelWithDebInfo|Win32.ActiveCfg = RelWithDebInfo|Win32
		{57670B07-DE04-3C74-B5AC-3560B8EFE655}.RelWithDebInfo|Win32.Build.0 = RelWithDebInfo|Win32
		{D14A8768-3C16-3EF7-A5A1-5312A8E23A4B}.Debug|Win32.ActiveCfg = Debug|Win32
		{D14A8768-3C16-3EF7-A5A1-5312A8E23A4B}.Debug|Win32.Build.0 = Debug|Win32
		{D14A8768-3C16-3EF7-A5A1-5312A8E23A4B}.Release|Win32.ActiveCfg = Release|Win32
		{D14A8768-3C16-3EF7-A5A1-5312A8E23A4B}.Release|Win32.Build.0 = Release|Win32
		{D14A8768-3C16-3EF7-A5A1-5312A8E23A4B}.MinSizeRel|Win32.ActiveCfg = MinSizeRel|Win32
		{D14A8768-3C16-3EF7-A5A1-5312A8E23A4B}.MinSizeRel|Win32.Build.0 = MinSizeRel|Win32
		{D14A8768-3C16-3EF7-A5A1-5312A8E23A4B}.RelWithDebInfo|Win32.ActiveCfg = RelWithDebInfo|Win32
		{D14A8768-3C16-3EF7-A5A1-5312A8E23A4B}.RelWithDebInfo|Win32.Build.0 = RelWithDebInfo|Win32
		{A31EBAA8-D68A-3FAB-930B-DF8D1CA1A428}.Debug|Win32.ActiveCfg = Debug|Win32
		{A31EBAA8-D68A-3FAB-930B-DF8D1CA1A428}.Debug|Win32.Build.0 = Debug|Win32
		{A31EBAA8-D68A-3FAB-930B-DF8D1CA1A428}.Release|Win32.ActiveCfg = Release|Win32
		{A31EBAA8-D68A-3FAB-930B-DF8D1CA1A428}.Release|Win32.Build.0 = Release|Win32
		{A31EBAA8-D68A-3FAB-930B-DF8D1CA1A428}.MinSizeRel|Win32.ActiveCfg = MinSizeRel|Win32
		{A31EBAA8-D68A-3FAB-930B-DF8D1CA1A428}.MinSizeRel|Win32.Build.0 = MinSizeRel|Win32
		{A31EBAA8-D68A-3FAB-930B-DF8D1CA1A428}.RelWithDebInfo|Win32.ActiveCfg = RelWithDebInfo|Win32
		{A31EBAA8-D68A-3FAB-930B-DF8D1CA1A428}.RelWithDebInfo|Win32.Build.0 = RelWithDebInfo|Win32
		{69F4F863-2129-3812-8D78-633188E98D3E}.Debug|Win32.ActiveCfg = Debug|Win32
		{69F4F863-2129-3812-8D78-633188E98D3E}.Debug|Win32.Build.0 = Debug|Win32
		{69F4F863-2129-3812-8D78-633188E98D3E}.Release|Win32.ActiveCfg = Release|Win32
		{69F4F863-2129-3812-8D78-633188E98D3E}.Release|Win32.Build.0 = Release|Win32
		{69F4F863-2129-3812-8D78-633188E98D3E}.MinSizeRel|Win32.ActiveCfg = MinSizeRel|Win32
		{69F4F863-2129-3812-8D78-633188E98D3E}.MinSizeRel|Win32.Build.0 = MinSizeRel|Win32
		{69F4F863-2129-3812-8D78-633188E98D3E}.RelWithDebInfo|Win32.ActiveCfg = RelWithDebInfo|Win32
		{69F4F863-2129-3812-8D78-633188E98D3E}.RelWithDebInfo|Win32.Build.0 = RelWithDebInfo|Win32
		{DBBEEEDC-C9EB-3EF5-95B4-B691F0BE7E0E}.Debug|Win32.ActiveCfg = Debug|Win32
		{DBBEEEDC-C9EB-3EF5-95B4-B691F0BE7E0E}.Debug|Win32.Build.0 = Debug|Win32
		{DBBEEEDC-C9EB-3EF5-95B4-B691F0BE7E0E}.Release|Win32.ActiveCfg = Release|Win32
		{DBBEEEDC-C9EB-3EF5-95B4-B691F0BE7E0E}.Release|Win32.Build.0 = Release|Win32
		{DBBEEEDC-C9EB-3EF5-95B4-B691F0BE7E0E}.MinSizeRel|Win32.ActiveCfg = MinSizeRel|Win32
		{DBBEEEDC-C9EB-3EF5-95B4-B691F0BE7E0E}.MinSizeRel|Win32.Build.0 = MinSizeRel|Win32
		{DBBEEEDC-C9EB-3EF5-95B4-B691F0BE7E0E}.RelWithDebInfo|Win32.ActiveCfg = RelWithDebInfo|Win32
		{DBBEEEDC-C9EB-3EF5-95B4-B691F0BE7E0E}.RelWithDebInfo|Win32.Build.0 = RelWithDebInfo|Win32
		{42EE9737-AAD6-39C6-B375-E5BB7CC4FADA}.Debug|Win32.ActiveCfg = Debug|Win32
		{42EE9737-AAD6-39C6-B375-E5BB7CC4FADA}.Debug|Win32.Build.0 = Debug|Win32
		{42EE9737-AAD6-39C6-B375-E5BB7CC4FADA}.Release|Win32.ActiveCfg = Release|Win32
		{42EE9737-AAD6-39C6-B375-E5BB7CC4FADA}.Release|Win32.Build.0 = Release|Win32
		{42EE9737-AAD6-39C6-B375-E5BB7CC4FADA}.MinSizeRel|Win32.ActiveCfg = MinSizeRel|Win32
		{42EE9737-AAD6-39C6-B375-E5BB7CC4FADA}.MinSizeRel|Win32.Build.0 = MinSizeRel|Win32
		{42EE9737-AAD6-39C6-B375-E5BB7CC4FADA}.RelWithDebInfo|Win32.ActiveCfg = RelWithDebInfo|Win32
		{42EE9737-AAD6-39C6-B375-E5BB7CC4FADA}.RelWithDebInfo|Win32.Build.0 = RelWithDebInfo|Win32
	EndGlobalSection
	GlobalSection(ExtensibilityGlobals) = postSolution
		SolutionGuid = {1BB88D95-D305-3409-BEFC-E6FB1CD5F85B}
	EndGlobalSection
	GlobalSection(ExtensibilityAddIns) = postSolution
	EndGlobalSection
EndGlobal
